// !$*UTF8*$!
{
	archiveVersion = 1;
	classes = {
	};
	objectVersion = 50;
	objects = {

/* Begin PBXBuildFile section */
		6928D5E523712B95002E064C /* AppDelegate.swift in Sources */ = {isa = PBXBuildFile; fileRef = 6928D5E423712B95002E064C /* AppDelegate.swift */; };
		6928D5E723712B95002E064C /* SceneDelegate.swift in Sources */ = {isa = PBXBuildFile; fileRef = 6928D5E623712B95002E064C /* SceneDelegate.swift */; };
		6928D5EE23712B9B002E064C /* Assets.xcassets in Resources */ = {isa = PBXBuildFile; fileRef = 6928D5ED23712B9B002E064C /* Assets.xcassets */; };
		6928D5F123712B9B002E064C /* LaunchScreen.storyboard in Resources */ = {isa = PBXBuildFile; fileRef = 6928D5EF23712B9B002E064C /* LaunchScreen.storyboard */; };
		6928D5F923712C81002E064C /* TableViewVC.swift in Sources */ = {isa = PBXBuildFile; fileRef = 6928D5F823712C81002E064C /* TableViewVC.swift */; };
		6928D5FB23712D57002E064C /* UIView_ext.swift in Sources */ = {isa = PBXBuildFile; fileRef = 6928D5FA23712D57002E064C /* UIView_ext.swift */; };
/* End PBXBuildFile section */

/* Begin PBXFileReference section */
		6928D5E123712B95002E064C /* TableViewproj.app */ = {isa = PBXFileReference; explicitFileType = wrapper.application; includeInIndex = 0; path = TableViewproj.app; sourceTree = BUILT_PRODUCTS_DIR; };
		6928D5E423712B95002E064C /* AppDelegate.swift */ = {isa = PBXFileReference; lastKnownFileType = sourcecode.swift; path = AppDelegate.swift; sourceTree = "<group>"; };
		6928D5E623712B95002E064C /* SceneDelegate.swift */ = {isa = PBXFileReference; lastKnownFileType = sourcecode.swift; path = SceneDelegate.swift; sourceTree = "<group>"; };
		6928D5ED23712B9B002E064C /* Assets.xcassets */ = {isa = PBXFileReference; lastKnownFileType = folder.assetcatalog; path = Assets.xcassets; sourceTree = "<group>"; };
		6928D5F023712B9B002E064C /* Base */ = {isa = PBXFileReference; lastKnownFileType = file.storyboard; name = Base; path = Base.lproj/LaunchScreen.storyboard; sourceTree = "<group>"; };
		6928D5F223712B9B002E064C /* Info.plist */ = {isa = PBXFileReference; lastKnownFileType = text.plist.xml; path = Info.plist; sourceTree = "<group>"; };
		6928D5F823712C81002E064C /* TableViewVC.swift */ = {isa = PBXFileReference; lastKnownFileType = sourcecode.swift; path = TableViewVC.swift; sourceTree = "<group>"; };
		6928D5FA23712D57002E064C /* UIView_ext.swift */ = {isa = PBXFileReference; lastKnownFileType = sourcecode.swift; path = UIView_ext.swift; sourceTree = "<group>"; };
/* End PBXFileReference section */

/* Begin PBXFrameworksBuildPhase section */
		6928D5DE23712B95002E064C /* Frameworks */ = {
			isa = PBXFrameworksBuildPhase;
			buildActionMask = 2147483647;
			files = (
			);
			runOnlyForDeploymentPostprocessing = 0;
		};
/* End PBXFrameworksBuildPhase section */

/* Begin PBXGroup section */
		6928D5D823712B95002E064C = {
			isa = PBXGroup;
			children = (
				6928D5E323712B95002E064C /* TableViewproj */,
				6928D5E223712B95002E064C /* Products */,
			);
			sourceTree = "<group>";
		};
		6928D5E223712B95002E064C /* Products */ = {
			isa = PBXGroup;
			children = (
				6928D5E123712B95002E064C /* TableViewproj.app */,
			);
			name = Products;
			sourceTree = "<group>";
		};
		6928D5E323712B95002E064C /* TableViewproj */ = {
			isa = PBXGroup;
			children = (
				6928D5E423712B95002E064C /* AppDelegate.swift */,
				6928D5E623712B95002E064C /* SceneDelegate.swift */,
				6928D5ED23712B9B002E064C /* Assets.xcassets */,
				6928D5EF23712B9B002E064C /* LaunchScreen.storyboard */,
				6928D5F223712B9B002E064C /* Info.plist */,
				6928D5F823712C81002E064C /* TableViewVC.swift */,
				6928D5FA23712D57002E064C /* UIView_ext.swift */,
			);
			path = TableViewproj;
			sourceTree = "<group>";
		};
/* End PBXGroup section */

/* Begin PBXNativeTarget section */
		6928D5E023712B95002E064C /* TableViewproj */ = {
			isa = PBXNativeTarget;
			buildConfigurationList = 6928D5F523712B9B002E064C /* Build configuration list for PBXNativeTarget "TableViewproj" */;
			buildPhases = (
				6928D5DD23712B95002E064C /* Sources */,
				6928D5DE23712B95002E064C /* Frameworks */,
				6928D5DF23712B95002E064C /* Resources */,
			);
			buildRules = (
			);
			dependencies = (
			);
			name = TableViewproj;
			productName = TableViewproj;
			productReference = 6928D5E123712B95002E064C /* TableViewproj.app */;
			productType = "com.apple.product-type.application";
		};
/* End PBXNativeTarget section */

/* Begin PBXProject section */
		6928D5D923712B95002E064C /* Project object */ = {
			isa = PBXProject;
			attributes = {
				LastSwiftUpdateCheck = 1110;
				LastUpgradeCheck = 1110;
				ORGANIZATIONNAME = "Akash Desai";
				TargetAttributes = {
					6928D5E023712B95002E064C = {
						CreatedOnToolsVersion = 11.1;
					};
				};
			};
			buildConfigurationList = 6928D5DC23712B95002E064C /* Build configuration list for PBXProject "TableViewproj" */;
			compatibilityVersion = "Xcode 9.3";
			developmentRegion = en;
			hasScannedForEncodings = 0;
			knownRegions = (
				en,
				Base,
			);
			mainGroup = 6928D5D823712B95002E064C;
			productRefGroup = 6928D5E223712B95002E064C /* Products */;
			projectDirPath = "";
			projectRoot = "";
			targets = (
				6928D5E023712B95002E064C /* TableViewproj */,
			);
		};
/* End PBXProject section */

/* Begin PBXResourcesBuildPhase section */
		6928D5DF23712B95002E064C /* Resources */ = {
			isa = PBXResourcesBuildPhase;
			buildActionMask = 2147483647;
			files = (
				6928D5F123712B9B002E064C /* LaunchScreen.storyboard in Resources */,
				6928D5EE23712B9B002E064C /* Assets.xcassets in Resources */,
			);
			runOnlyForDeploymentPostprocessing = 0;
		};
/* End PBXResourcesBuildPhase section */

/* Begin PBXSourcesBuildPhase section */
		6928D5DD23712B95002E064C /* Sources */ = {
			isa = PBXSourcesBuildPhase;
			buildActionMask = 2147483647;
			files = (
				6928D5FB23712D57002E064C /* UIView_ext.swift in Sources */,
				6928D5F923712C81002E064C /* TableViewVC.swift in Sources */,
				6928D5E523712B95002E064C /* AppDelegate.swift in Sources */,
				6928D5E723712B95002E064C /* SceneDelegate.swift in Sources */,
			);
			runOnlyForDeploymentPostprocessing = 0;
		};
/* End PBXSourcesBuildPhase section */

/* Begin PBXVariantGroup section */
		6928D5EF23712B9B002E064C /* LaunchScreen.storyboard */ = {
			isa = PBXVariantGroup;
			children = (
				6928D5F023712B9B002E064C /* Base */,
			);
			name = LaunchScreen.storyboard;
			sourceTree = "<group>";
		};
/* End PBXVariantGroup section */

/* Begin XCBuildConfiguration section */
		6928D5F323712B9B002E064C /* Debug */ = {
			isa = XCBuildConfiguration;
			buildSettings = {
				ALWAYS_SEARCH_USER_PATHS = NO;
				CLANG_ANALYZER_NONNULL = YES;
				CLANG_ANALYZER_NUMBER_OBJECT_CONVERSION = YES_AGGRESSIVE;
				CLANG_CXX_LANGUAGE_STANDARD = "gnu++14";
				CLANG_CXX_LIBRARY = "libc++";
				CLANG_ENABLE_MODULES = YES;
				CLANG_ENABLE_OBJC_ARC = YES;
				CLANG_ENABLE_OBJC_WEAK = YES;
				CLANG_WARN_BLOCK_CAPTURE_AUTORELEASING = YES;
				CLANG_WARN_BOOL_CONVERSION = YES;
				CLANG_WARN_COMMA = YES;
				CLANG_WARN_CONSTANT_CONVERSION = YES;
				CLANG_WARN_DEPRECATED_OBJC_IMPLEMENTATIONS = YES;
				CLANG_WARN_DIRECT_OBJC_ISA_USAGE = YES_ERROR;
				CLANG_WARN_DOCUMENTATION_COMMENTS = YES;
				CLANG_WARN_EMPTY_BODY = YES;
				CLANG_WARN_ENUM_CONVERSION = YES;
				CLANG_WARN_INFINITE_RECURSION = YES;
				CLANG_WARN_INT_CONVERSION = YES;
				CLANG_WARN_NON_LITERAL_NULL_CONVERSION = YES;
				CLANG_WARN_OBJC_IMPLICIT_RETAIN_SELF = YES;
				CLANG_WARN_OBJC_LITERAL_CONVERSION = YES;
				CLANG_WARN_OBJC_ROOT_CLASS = YES_ERROR;
				CLANG_WARN_RANGE_LOOP_ANALYSIS = YES;
				CLANG_WARN_STRICT_PROTOTYPES = YES;
				CLANG_WARN_SUSPICIOUS_MOVE = YES;
				CLANG_WARN_UNGUARDED_AVAILABILITY = YES_AGGRESSIVE;
				CLANG_WARN_UNREACHABLE_CODE = YES;
				CLANG_WARN__DUPLICATE_METHOD_MATCH = YES;
				COPY_PHASE_STRIP = NO;
				DEBUG_INFORMATION_FORMAT = dwarf;
				ENABLE_STRICT_OBJC_MSGSEND = YES;
				ENABLE_TESTABILITY = YES;
				GCC_C_LANGUAGE_STANDARD = gnu11;
				GCC_DYNAMIC_NO_PIC = NO;
				GCC_NO_COMMON_BLOCKS = YES;
				GCC_OPTIMIZATION_LEVEL = 0;
				GCC_PREPROCESSOR_DEFINITIONS = (
					"DEBUG=1",
					"$(inherited)",
				);
				GCC_WARN_64_TO_32_BIT_CONVERSION = YES;
				GCC_WARN_ABOUT_RETURN_TYPE = YES_ERROR;
				GCC_WARN_UNDECLARED_SELECTOR = YES;
				GCC_WARN_UNINITIALIZED_AUTOS = YES_AGGRESSIVE;
				GCC_WARN_UNUSED_FUNCTION = YES;
				GCC_WARN_UNUSED_VARIABLE = YES;
				IPHONEOS_DEPLOYMENT_TARGET = 13.1;
				MTL_ENABLE_DEBUG_INFO = INCLUDE_SOURCE;
				MTL_FAST_MATH = YES;
				ONLY_ACTIVE_ARCH = YES;
				SDKROOT = iphoneos;
				SWIFT_ACTIVE_COMPILATION_CONDITIONS = DEBUG;
				SWIFT_OPTIMIZATION_LEVEL = "-Onone";
			};
			name = Debug;
		};
		6928D5F423712B9B002E064C /* Release */ = {
			isa = XCBuildConfiguration;
			buildSettings = {
				ALWAYS_SEARCH_USER_PATHS = NO;
				CLANG_ANALYZER_NONNULL = YES;
				CLANG_ANALYZER_NUMBER_OBJECT_CONVERSION = YES_AGGRESSIVE;
				CLANG_CXX_LANGUAGE_STANDARD = "gnu++14";
				CLANG_CXX_LIBRARY = "libc++";
				CLANG_ENABLE_MODULES = YES;
				CLANG_ENABLE_OBJC_ARC = YES;
				CLANG_ENABLE_OBJC_WEAK = YES;
				CLANG_WARN_BLOCK_CAPTURE_AUTORELEASING = YES;
				CLANG_WARN_BOOL_CONVERSION = YES;
				CLANG_WARN_COMMA = YES;
				CLANG_WARN_CONSTANT_CONVERSION = YES;
				CLANG_WARN_DEPRECATED_OBJC_IMPLEMENTATIONS = YES;
				CLANG_WARN_DIRECT_OBJC_ISA_USAGE = YES_ERROR;
				CLANG_WARN_DOCUMENTATION_COMMENTS = YES;
				CLANG_WARN_EMPTY_BODY = YES;
				CLANG_WARN_ENUM_CONVERSION = YES;
				CLANG_WARN_INFINITE_RECURSION = YES;
				CLANG_WARN_INT_CONVERSION = YES;
				CLANG_WARN_NON_LITERAL_NULL_CONVERSION = YES;
				CLANG_WARN_OBJC_IMPLICIT_RETAIN_SELF = YES;
				CLANG_WARN_OBJC_LITERAL_CONVERSION = YES;
				CLANG_WARN_OBJC_ROOT_CLASS = YES_ERROR;
				CLANG_WARN_RANGE_LOOP_ANALYSIS = YES;
				CLANG_WARN_STRICT_PROTOTYPES = YES;
				CLANG_WARN_SUSPICIOUS_MOVE = YES;
				CLANG_WARN_UNGUARDED_AVAILABILITY = YES_AGGRESSIVE;
				CLANG_WARN_UNREACHABLE_CODE = YES;
				CLANG_WARN__DUPLICATE_METHOD_MATCH = YES;
				COPY_PHASE_STRIP = NO;
				DEBUG_INFORMATION_FORMAT = "dwarf-with-dsym";
				ENABLE_NS_ASSERTIONS = NO;
				ENABLE_STRICT_OBJC_MSGSEND = YES;
				GCC_C_LANGUAGE_STANDARD = gnu11;
				GCC_NO_COMMON_BLOCKS = YES;
				GCC_WARN_64_TO_32_BIT_CONVERSION = YES;
				GCC_WARN_ABOUT_RETURN_TYPE = YES_ERROR;
				GCC_WARN_UNDECLARED_SELECTOR = YES;
				GCC_WARN_UNINITIALIZED_AUTOS = YES_AGGRESSIVE;
				GCC_WARN_UNUSED_FUNCTION = YES;
				GCC_WARN_UNUSED_VARIABLE = YES;
				IPHONEOS_DEPLOYMENT_TARGET = 13.1;
				MTL_ENABLE_DEBUG_INFO = NO;
				MTL_FAST_MATH = YES;
				SDKROOT = iphoneos;
				SWIFT_COMPILATION_MODE = wholemodule;
				SWIFT_OPTIMIZATION_LEVEL = "-O";
				VALIDATE_PRODUCT = YES;
			};
			name = Release;
		};
		6928D5F623712B9B002E064C /* Debug */ = {
			isa = XCBuildConfiguration;
			buildSettings = {
				ASSETCATALOG_COMPILER_APPICON_NAME = AppIcon;
				CODE_SIGN_STYLE = Automatic;
				INFOPLIST_FILE = TableViewproj/Info.plist;
				LD_RUNPATH_SEARCH_PATHS = (
					"$(inherited)",
					"@executable_path/Frameworks",
				);
				PRODUCT_BUNDLE_IDENTIFIER = test.TableViewproj;
				PRODUCT_NAME = "$(TARGET_NAME)";
				SWIFT_VERSION = 5.0;
				TARGETED_DEVICE_FAMILY = "1,2";
			};
			name = Debug;
		};
		6928D5F723712B9B002E064C /* Release */ = {
			isa = XCBuildConfiguration;
			buildSettings = {
				ASSETCATALOG_COMPILER_APPICON_NAME = AppIcon;
				CODE_SIGN_STYLE = Automatic;
				INFOPLIST_FILE = TableViewproj/Info.plist;
				LD_RUNPATH_SEARCH_PATHS = (
					"$(inherited)",
					"@executable_path/Frameworks",
				);
				PRODUCT_BUNDLE_IDENTIFIER = test.TableViewproj;
				PRODUCT_NAME = "$(TARGET_NAME)";
				SWIFT_VERSION = 5.0;
				TARGETED_DEVICE_FAMILY = "1,2";
			};
			name = Release;
		};
/* End XCBuildConfiguration section */

/* Begin XCConfigurationList section */
		6928D5DC23712B95002E064C /* Build configuration list for PBXProject "TableViewproj" */ = {
			isa = XCConfigurationList;
			buildConfigurations = (
				6928D5F323712B9B002E064C /* Debug */,
				6928D5F423712B9B002E064C /* Release */,
			);
			defaultConfigurationIsVisible = 0;
			defaultConfigurationName = Release;
		};
		6928D5F523712B9B002E064C /* Build configuration list for PBXNativeTarget "TableViewproj" */ = {
			isa = XCConfigurationList;
			buildConfigurations = (
				6928D5F623712B9B002E064C /* Debug */,
				6928D5F723712B9B002E064C /* Release */,
			);
			defaultConfigurationIsVisible = 0;
			defaultConfigurationName = Release;
		};
/* End XCConfigurationList section */
	};
	rootObject = 6928D5D923712B95002E064C /* Project object */;
}
